// !$*UTF8*$!
{
	archiveVersion = 1;
	classes = {
	};
	objectVersion = 56;
	objects = {

/* Begin PBXBuildFile section */
		8B37AD962A94153800BEE965 /* FlashCardApp.swift in Sources */ = {isa = PBXBuildFile; fileRef = 8B37AD952A94153800BEE965 /* FlashCardApp.swift */; };
		8B37AD982A94153800BEE965 /* FlashCardView.swift in Sources */ = {isa = PBXBuildFile; fileRef = 8B37AD972A94153800BEE965 /* FlashCardView.swift */; };
		8B37AD9A2A94153900BEE965 /* Assets.xcassets in Resources */ = {isa = PBXBuildFile; fileRef = 8B37AD992A94153900BEE965 /* Assets.xcassets */; };
		8B37AD9D2A94153900BEE965 /* Preview Assets.xcassets in Resources */ = {isa = PBXBuildFile; fileRef = 8B37AD9C2A94153900BEE965 /* Preview Assets.xcassets */; };
		8BA5CBD62AA01EBD000502C0 /* Constant.swift in Sources */ = {isa = PBXBuildFile; fileRef = 8BA5CBD52AA01EBD000502C0 /* Constant.swift */; };
		8BC787EC2A958A800021C6E6 /* DeckContent.swift in Sources */ = {isa = PBXBuildFile; fileRef = 8BC787EB2A958A800021C6E6 /* DeckContent.swift */; };
		8BC787EE2A958B610021C6E6 /* FlashCard.swift in Sources */ = {isa = PBXBuildFile; fileRef = 8BC787ED2A958B610021C6E6 /* FlashCard.swift */; };
		8BD297DA2A9D48DD00166209 /* CardView.swift in Sources */ = {isa = PBXBuildFile; fileRef = 8BD297D92A9D48DD00166209 /* CardView.swift */; };
		8BD297DC2A9D6B9700166209 /* DeckBaseView.swift in Sources */ = {isa = PBXBuildFile; fileRef = 8BD297DB2A9D6B9700166209 /* DeckBaseView.swift */; };
		8BECF4F32AA7F2F9006F31DA /* ContentView.swift in Sources */ = {isa = PBXBuildFile; fileRef = 8BECF4F22AA7F2F9006F31DA /* ContentView.swift */; };
		8BECF4F52AA7F2FB006F31DA /* Assets.xcassets in Resources */ = {isa = PBXBuildFile; fileRef = 8BECF4F42AA7F2FB006F31DA /* Assets.xcassets */; };
		8BECF4F82AA7F2FB006F31DA /* Preview Assets.xcassets in Resources */ = {isa = PBXBuildFile; fileRef = 8BECF4F72AA7F2FB006F31DA /* Preview Assets.xcassets */; };
		8BECF4FD2AA7F385006F31DA /* DeckContent.swift in Sources */ = {isa = PBXBuildFile; fileRef = 8BC787EB2A958A800021C6E6 /* DeckContent.swift */; };
		8BECF4FE2AA7F385006F31DA /* FlashCardApp.swift in Sources */ = {isa = PBXBuildFile; fileRef = 8B37AD952A94153800BEE965 /* FlashCardApp.swift */; };
		8BECF4FF2AA7F385006F31DA /* CardView.swift in Sources */ = {isa = PBXBuildFile; fileRef = 8BD297D92A9D48DD00166209 /* CardView.swift */; };
		8BECF5002AA7F385006F31DA /* DeckBaseView.swift in Sources */ = {isa = PBXBuildFile; fileRef = 8BD297DB2A9D6B9700166209 /* DeckBaseView.swift */; };
		8BECF5012AA7F385006F31DA /* Constant.swift in Sources */ = {isa = PBXBuildFile; fileRef = 8BA5CBD52AA01EBD000502C0 /* Constant.swift */; };
		8BECF5022AA7F385006F31DA /* Assets.xcassets in Resources */ = {isa = PBXBuildFile; fileRef = 8B37AD992A94153900BEE965 /* Assets.xcassets */; };
		8BECF5032AA7F385006F31DA /* FlashCard.swift in Sources */ = {isa = PBXBuildFile; fileRef = 8BC787ED2A958B610021C6E6 /* FlashCard.swift */; };
		8BECF5042AA7F474006F31DA /* FlashCardView.swift in Sources */ = {isa = PBXBuildFile; fileRef = 8B37AD972A94153800BEE965 /* FlashCardView.swift */; };
/* End PBXBuildFile section */

/* Begin PBXContainerItemProxy section */
		8B37ADA32A94153900BEE965 /* PBXContainerItemProxy */ = {
			isa = PBXContainerItemProxy;
			containerPortal = 8B37AD8A2A94153800BEE965 /* Project object */;
			proxyType = 1;
			remoteGlobalIDString = 8B37AD912A94153800BEE965;
			remoteInfo = FlashCard;
		};
		8B37ADAD2A94153900BEE965 /* PBXContainerItemProxy */ = {
			isa = PBXContainerItemProxy;
			containerPortal = 8B37AD8A2A94153800BEE965 /* Project object */;
			proxyType = 1;
			remoteGlobalIDString = 8B37AD912A94153800BEE965;
			remoteInfo = FlashCard;
		};
/* End PBXContainerItemProxy section */

/* Begin PBXFileReference section */
		8B37AD922A94153800BEE965 /* FlashCard.app */ = {isa = PBXFileReference; explicitFileType = wrapper.application; includeInIndex = 0; path = FlashCard.app; sourceTree = BUILT_PRODUCTS_DIR; };
		8B37AD952A94153800BEE965 /* FlashCardApp.swift */ = {isa = PBXFileReference; lastKnownFileType = sourcecode.swift; path = FlashCardApp.swift; sourceTree = "<group>"; };
		8B37AD972A94153800BEE965 /* FlashCardView.swift */ = {isa = PBXFileReference; lastKnownFileType = sourcecode.swift; path = FlashCardView.swift; sourceTree = "<group>"; };
		8B37AD992A94153900BEE965 /* Assets.xcassets */ = {isa = PBXFileReference; lastKnownFileType = folder.assetcatalog; path = Assets.xcassets; sourceTree = "<group>"; };
		8B37AD9C2A94153900BEE965 /* Preview Assets.xcassets */ = {isa = PBXFileReference; lastKnownFileType = folder.assetcatalog; path = "Preview Assets.xcassets"; sourceTree = "<group>"; };
		8B37ADA22A94153900BEE965 /* FlashCardTests.xctest */ = {isa = PBXFileReference; explicitFileType = wrapper.cfbundle; includeInIndex = 0; path = FlashCardTests.xctest; sourceTree = BUILT_PRODUCTS_DIR; };
		8B37ADAC2A94153900BEE965 /* FlashCardUITests.xctest */ = {isa = PBXFileReference; explicitFileType = wrapper.cfbundle; includeInIndex = 0; path = FlashCardUITests.xctest; sourceTree = BUILT_PRODUCTS_DIR; };
		8BA5CBD52AA01EBD000502C0 /* Constant.swift */ = {isa = PBXFileReference; lastKnownFileType = sourcecode.swift; path = Constant.swift; sourceTree = "<group>"; };
		8BC787EB2A958A800021C6E6 /* DeckContent.swift */ = {isa = PBXFileReference; lastKnownFileType = sourcecode.swift; path = DeckContent.swift; sourceTree = "<group>"; };
		8BC787ED2A958B610021C6E6 /* FlashCard.swift */ = {isa = PBXFileReference; lastKnownFileType = sourcecode.swift; path = FlashCard.swift; sourceTree = "<group>"; };
		8BD297D92A9D48DD00166209 /* CardView.swift */ = {isa = PBXFileReference; lastKnownFileType = sourcecode.swift; path = CardView.swift; sourceTree = "<group>"; };
		8BD297DB2A9D6B9700166209 /* DeckBaseView.swift */ = {isa = PBXFileReference; lastKnownFileType = sourcecode.swift; path = DeckBaseView.swift; sourceTree = "<group>"; };
		8BECF4EE2AA7F2F9006F31DA /* MacFlashCard.app */ = {isa = PBXFileReference; explicitFileType = wrapper.application; includeInIndex = 0; path = MacFlashCard.app; sourceTree = BUILT_PRODUCTS_DIR; };
		8BECF4F22AA7F2F9006F31DA /* ContentView.swift */ = {isa = PBXFileReference; lastKnownFileType = sourcecode.swift; path = ContentView.swift; sourceTree = "<group>"; };
		8BECF4F42AA7F2FB006F31DA /* Assets.xcassets */ = {isa = PBXFileReference; lastKnownFileType = folder.assetcatalog; path = Assets.xcassets; sourceTree = "<group>"; };
		8BECF4F72AA7F2FB006F31DA /* Preview Assets.xcassets */ = {isa = PBXFileReference; lastKnownFileType = folder.assetcatalog; path = "Preview Assets.xcassets"; sourceTree = "<group>"; };
		8BECF4F92AA7F2FB006F31DA /* MacFlashCard.entitlements */ = {isa = PBXFileReference; lastKnownFileType = text.plist.entitlements; path = MacFlashCard.entitlements; sourceTree = "<group>"; };
/* End PBXFileReference section */

/* Begin PBXFrameworksBuildPhase section */
		8B37AD8F2A94153800BEE965 /* Frameworks */ = {
			isa = PBXFrameworksBuildPhase;
			buildActionMask = 2147483647;
			files = (
			);
			runOnlyForDeploymentPostprocessing = 0;
		};
		8B37AD9F2A94153900BEE965 /* Frameworks */ = {
			isa = PBXFrameworksBuildPhase;
			buildActionMask = 2147483647;
			files = (
			);
			runOnlyForDeploymentPostprocessing = 0;
		};
		8B37ADA92A94153900BEE965 /* Frameworks */ = {
			isa = PBXFrameworksBuildPhase;
			buildActionMask = 2147483647;
			files = (
			);
			runOnlyForDeploymentPostprocessing = 0;
		};
		8BECF4EB2AA7F2F9006F31DA /* Frameworks */ = {
			isa = PBXFrameworksBuildPhase;
			buildActionMask = 2147483647;
			files = (
			);
			runOnlyForDeploymentPostprocessing = 0;
		};
/* End PBXFrameworksBuildPhase section */

/* Begin PBXGroup section */
		8B37AD892A94153800BEE965 = {
			isa = PBXGroup;
			children = (
				8B37AD942A94153800BEE965 /* FlashCard */,
				8BECF4EF2AA7F2F9006F31DA /* MacFlashCard */,
				8B37AD932A94153800BEE965 /* Products */,
			);
			sourceTree = "<group>";
		};
		8B37AD932A94153800BEE965 /* Products */ = {
			isa = PBXGroup;
			children = (
				8B37AD922A94153800BEE965 /* FlashCard.app */,
				8B37ADA22A94153900BEE965 /* FlashCardTests.xctest */,
				8B37ADAC2A94153900BEE965 /* FlashCardUITests.xctest */,
				8BECF4EE2AA7F2F9006F31DA /* MacFlashCard.app */,
			);
			name = Products;
			sourceTree = "<group>";
		};
		8B37AD942A94153800BEE965 /* FlashCard */ = {
			isa = PBXGroup;
			children = (
				8BA5CBD72AA3F33B000502C0 /* views */,
				8BA5CBD52AA01EBD000502C0 /* Constant.swift */,
				8B37AD952A94153800BEE965 /* FlashCardApp.swift */,
				8BC787EB2A958A800021C6E6 /* DeckContent.swift */,
				8BC787ED2A958B610021C6E6 /* FlashCard.swift */,
				8B37AD992A94153900BEE965 /* Assets.xcassets */,
				8B37AD9B2A94153900BEE965 /* Preview Content */,
			);
			path = FlashCard;
			sourceTree = "<group>";
		};
		8B37AD9B2A94153900BEE965 /* Preview Content */ = {
			isa = PBXGroup;
			children = (
				8B37AD9C2A94153900BEE965 /* Preview Assets.xcassets */,
			);
			path = "Preview Content";
			sourceTree = "<group>";
		};
		8BA5CBD72AA3F33B000502C0 /* views */ = {
			isa = PBXGroup;
			children = (
				8B37AD972A94153800BEE965 /* FlashCardView.swift */,
				8BD297D92A9D48DD00166209 /* CardView.swift */,
				8BD297DB2A9D6B9700166209 /* DeckBaseView.swift */,
			);
			path = views;
			sourceTree = "<group>";
		};
		8BECF4EF2AA7F2F9006F31DA /* MacFlashCard */ = {
			isa = PBXGroup;
			children = (
				8BECF4F22AA7F2F9006F31DA /* ContentView.swift */,
				8BECF4F42AA7F2FB006F31DA /* Assets.xcassets */,
				8BECF4F92AA7F2FB006F31DA /* MacFlashCard.entitlements */,
				8BECF4F62AA7F2FB006F31DA /* Preview Content */,
			);
			path = MacFlashCard;
			sourceTree = "<group>";
		};
		8BECF4F62AA7F2FB006F31DA /* Preview Content */ = {
			isa = PBXGroup;
			children = (
				8BECF4F72AA7F2FB006F31DA /* Preview Assets.xcassets */,
			);
			path = "Preview Content";
			sourceTree = "<group>";
		};
/* End PBXGroup section */

/* Begin PBXNativeTarget section */
		8B37AD912A94153800BEE965 /* FlashCard */ = {
			isa = PBXNativeTarget;
			buildConfigurationList = 8B37ADB62A94153900BEE965 /* Build configuration list for PBXNativeTarget "FlashCard" */;
			buildPhases = (
				8B37AD8E2A94153800BEE965 /* Sources */,
				8B37AD8F2A94153800BEE965 /* Frameworks */,
				8B37AD902A94153800BEE965 /* Resources */,
			);
			buildRules = (
			);
			dependencies = (
			);
			name = FlashCard;
			productName = FlashCard;
			productReference = 8B37AD922A94153800BEE965 /* FlashCard.app */;
			productType = "com.apple.product-type.application";
		};
		8B37ADA12A94153900BEE965 /* FlashCardTests */ = {
			isa = PBXNativeTarget;
			buildConfigurationList = 8B37ADB92A94153900BEE965 /* Build configuration list for PBXNativeTarget "FlashCardTests" */;
			buildPhases = (
				8B37AD9E2A94153900BEE965 /* Sources */,
				8B37AD9F2A94153900BEE965 /* Frameworks */,
				8B37ADA02A94153900BEE965 /* Resources */,
			);
			buildRules = (
			);
			dependencies = (
				8B37ADA42A94153900BEE965 /* PBXTargetDependency */,
			);
			name = FlashCardTests;
			productName = FlashCardTests;
			productReference = 8B37ADA22A94153900BEE965 /* FlashCardTests.xctest */;
			productType = "com.apple.product-type.bundle.unit-test";
		};
		8B37ADAB2A94153900BEE965 /* FlashCardUITests */ = {
			isa = PBXNativeTarget;
			buildConfigurationList = 8B37ADBC2A94153900BEE965 /* Build configuration list for PBXNativeTarget "FlashCardUITests" */;
			buildPhases = (
				8B37ADA82A94153900BEE965 /* Sources */,
				8B37ADA92A94153900BEE965 /* Frameworks */,
				8B37ADAA2A94153900BEE965 /* Resources */,
			);
			buildRules = (
			);
			dependencies = (
				8B37ADAE2A94153900BEE965 /* PBXTargetDependency */,
			);
			name = FlashCardUITests;
			productName = FlashCardUITests;
			productReference = 8B37ADAC2A94153900BEE965 /* FlashCardUITests.xctest */;
			productType = "com.apple.product-type.bundle.ui-testing";
		};
		8BECF4ED2AA7F2F9006F31DA /* MacFlashCard */ = {
			isa = PBXNativeTarget;
			buildConfigurationList = 8BECF4FA2AA7F2FB006F31DA /* Build configuration list for PBXNativeTarget "MacFlashCard" */;
			buildPhases = (
				8BECF4EA2AA7F2F9006F31DA /* Sources */,
				8BECF4EB2AA7F2F9006F31DA /* Frameworks */,
				8BECF4EC2AA7F2F9006F31DA /* Resources */,
			);
			buildRules = (
			);
			dependencies = (
			);
			name = MacFlashCard;
			productName = MacFlashCard;
			productReference = 8BECF4EE2AA7F2F9006F31DA /* MacFlashCard.app */;
			productType = "com.apple.product-type.application";
		};
/* End PBXNativeTarget section */

/* Begin PBXProject section */
		8B37AD8A2A94153800BEE965 /* Project object */ = {
			isa = PBXProject;
			attributes = {
				BuildIndependentTargetsInParallel = 1;
				LastSwiftUpdateCheck = 1430;
				LastUpgradeCheck = 1430;
				TargetAttributes = {
					8B37AD912A94153800BEE965 = {
						CreatedOnToolsVersion = 14.3.1;
					};
					8B37ADA12A94153900BEE965 = {
						CreatedOnToolsVersion = 14.3.1;
						TestTargetID = 8B37AD912A94153800BEE965;
					};
					8B37ADAB2A94153900BEE965 = {
						CreatedOnToolsVersion = 14.3.1;
						TestTargetID = 8B37AD912A94153800BEE965;
					};
					8BECF4ED2AA7F2F9006F31DA = {
						CreatedOnToolsVersion = 14.3.1;
					};
				};
			};
			buildConfigurationList = 8B37AD8D2A94153800BEE965 /* Build configuration list for PBXProject "FlashCard" */;
			compatibilityVersion = "Xcode 14.0";
			developmentRegion = en;
			hasScannedForEncodings = 0;
			knownRegions = (
				en,
				Base,
			);
			mainGroup = 8B37AD892A94153800BEE965;
			productRefGroup = 8B37AD932A94153800BEE965 /* Products */;
			projectDirPath = "";
			projectRoot = "";
			targets = (
				8B37AD912A94153800BEE965 /* FlashCard */,
				8B37ADA12A94153900BEE965 /* FlashCardTests */,
				8B37ADAB2A94153900BEE965 /* FlashCardUITests */,
				8BECF4ED2AA7F2F9006F31DA /* MacFlashCard */,
			);
		};
/* End PBXProject section */

/* Begin PBXResourcesBuildPhase section */
		8B37AD902A94153800BEE965 /* Resources */ = {
			isa = PBXResourcesBuildPhase;
			buildActionMask = 2147483647;
			files = (
				8B37AD9D2A94153900BEE965 /* Preview Assets.xcassets in Resources */,
				8B37AD9A2A94153900BEE965 /* Assets.xcassets in Resources */,
			);
			runOnlyForDeploymentPostprocessing = 0;
		};
		8B37ADA02A94153900BEE965 /* Resources */ = {
			isa = PBXResourcesBuildPhase;
			buildActionMask = 2147483647;
			files = (
			);
			runOnlyForDeploymentPostprocessing = 0;
		};
		8B37ADAA2A94153900BEE965 /* Resources */ = {
			isa = PBXResourcesBuildPhase;
			buildActionMask = 2147483647;
			files = (
			);
			runOnlyForDeploymentPostprocessing = 0;
		};
		8BECF4EC2AA7F2F9006F31DA /* Resources */ = {
			isa = PBXResourcesBuildPhase;
			buildActionMask = 2147483647;
			files = (
				8BECF4F82AA7F2FB006F31DA /* Preview Assets.xcassets in Resources */,
				8BECF5022AA7F385006F31DA /* Assets.xcassets in Resources */,
				8BECF4F52AA7F2FB006F31DA /* Assets.xcassets in Resources */,
			);
			runOnlyForDeploymentPostprocessing = 0;
		};
/* End PBXResourcesBuildPhase section */

/* Begin PBXSourcesBuildPhase section */
		8B37AD8E2A94153800BEE965 /* Sources */ = {
			isa = PBXSourcesBuildPhase;
			buildActionMask = 2147483647;
			files = (
				8BA5CBD62AA01EBD000502C0 /* Constant.swift in Sources */,
				8BC787EE2A958B610021C6E6 /* FlashCard.swift in Sources */,
				8BC787EC2A958A800021C6E6 /* DeckContent.swift in Sources */,
				8B37AD982A94153800BEE965 /* FlashCardView.swift in Sources */,
				8BD297DA2A9D48DD00166209 /* CardView.swift in Sources */,
				8BD297DC2A9D6B9700166209 /* DeckBaseView.swift in Sources */,
				8B37AD962A94153800BEE965 /* FlashCardApp.swift in Sources */,
			);
			runOnlyForDeploymentPostprocessing = 0;
		};
		8B37AD9E2A94153900BEE965 /* Sources */ = {
			isa = PBXSourcesBuildPhase;
			buildActionMask = 2147483647;
			files = (
			);
			runOnlyForDeploymentPostprocessing = 0;
		};
		8B37ADA82A94153900BEE965 /* Sources */ = {
			isa = PBXSourcesBuildPhase;
			buildActionMask = 2147483647;
			files = (
			);
			runOnlyForDeploymentPostprocessing = 0;
		};
		8BECF4EA2AA7F2F9006F31DA /* Sources */ = {
			isa = PBXSourcesBuildPhase;
			buildActionMask = 2147483647;
			files = (
				8BECF4FE2AA7F385006F31DA /* FlashCardApp.swift in Sources */,
				8BECF5042AA7F474006F31DA /* FlashCardView.swift in Sources */,
				8BECF5002AA7F385006F31DA /* DeckBaseView.swift in Sources */,
				8BECF4FF2AA7F385006F31DA /* CardView.swift in Sources */,
				8BECF4FD2AA7F385006F31DA /* DeckContent.swift in Sources */,
				8BECF4F32AA7F2F9006F31DA /* ContentView.swift in Sources */,
				8BECF5032AA7F385006F31DA /* FlashCard.swift in Sources */,
				8BECF5012AA7F385006F31DA /* Constant.swift in Sources */,
			);
			runOnlyForDeploymentPostprocessing = 0;
		};
/* End PBXSourcesBuildPhase section */

/* Begin PBXTargetDependency section */
		8B37ADA42A94153900BEE965 /* PBXTargetDependency */ = {
			isa = PBXTargetDependency;
			target = 8B37AD912A94153800BEE965 /* FlashCard */;
			targetProxy = 8B37ADA32A94153900BEE965 /* PBXContainerItemProxy */;
		};
		8B37ADAE2A94153900BEE965 /* PBXTargetDependency */ = {
			isa = PBXTargetDependency;
			target = 8B37AD912A94153800BEE965 /* FlashCard */;
			targetProxy = 8B37ADAD2A94153900BEE965 /* PBXContainerItemProxy */;
		};
/* End PBXTargetDependency section */

/* Begin XCBuildConfiguration section */
		8B37ADB42A94153900BEE965 /* Debug */ = {
			isa = XCBuildConfiguration;
			buildSettings = {
				ALWAYS_SEARCH_USER_PATHS = NO;
				CLANG_ANALYZER_NONNULL = YES;
				CLANG_ANALYZER_NUMBER_OBJECT_CONVERSION = YES_AGGRESSIVE;
				CLANG_CXX_LANGUAGE_STANDARD = "gnu++20";
				CLANG_ENABLE_MODULES = YES;
				CLANG_ENABLE_OBJC_ARC = YES;
				CLANG_ENABLE_OBJC_WEAK = YES;
				CLANG_WARN_BLOCK_CAPTURE_AUTORELEASING = YES;
				CLANG_WARN_BOOL_CONVERSION = YES;
				CLANG_WARN_COMMA = YES;
				CLANG_WARN_CONSTANT_CONVERSION = YES;
				CLANG_WARN_DEPRECATED_OBJC_IMPLEMENTATIONS = YES;
				CLANG_WARN_DIRECT_OBJC_ISA_USAGE = YES_ERROR;
				CLANG_WARN_DOCUMENTATION_COMMENTS = YES;
				CLANG_WARN_EMPTY_BODY = YES;
				CLANG_WARN_ENUM_CONVERSION = YES;
				CLANG_WARN_INFINITE_RECURSION = YES;
				CLANG_WARN_INT_CONVERSION = YES;
				CLANG_WARN_NON_LITERAL_NULL_CONVERSION = YES;
				CLANG_WARN_OBJC_IMPLICIT_RETAIN_SELF = YES;
				CLANG_WARN_OBJC_LITERAL_CONVERSION = YES;
				CLANG_WARN_OBJC_ROOT_CLASS = YES_ERROR;
				CLANG_WARN_QUOTED_INCLUDE_IN_FRAMEWORK_HEADER = YES;
				CLANG_WARN_RANGE_LOOP_ANALYSIS = YES;
				CLANG_WARN_STRICT_PROTOTYPES = YES;
				CLANG_WARN_SUSPICIOUS_MOVE = YES;
				CLANG_WARN_UNGUARDED_AVAILABILITY = YES_AGGRESSIVE;
				CLANG_WARN_UNREACHABLE_CODE = YES;
				CLANG_WARN__DUPLICATE_METHOD_MATCH = YES;
				COPY_PHASE_STRIP = NO;
				DEBUG_INFORMATION_FORMAT = dwarf;
				ENABLE_STRICT_OBJC_MSGSEND = YES;
				ENABLE_TESTABILITY = YES;
				GCC_C_LANGUAGE_STANDARD = gnu11;
				GCC_DYNAMIC_NO_PIC = NO;
				GCC_NO_COMMON_BLOCKS = YES;
				GCC_OPTIMIZATION_LEVEL = 0;
				GCC_PREPROCESSOR_DEFINITIONS = (
					"DEBUG=1",
					"$(inherited)",
				);
				GCC_WARN_64_TO_32_BIT_CONVERSION = YES;
				GCC_WARN_ABOUT_RETURN_TYPE = YES_ERROR;
				GCC_WARN_UNDECLARED_SELECTOR = YES;
				GCC_WARN_UNINITIALIZED_AUTOS = YES_AGGRESSIVE;
				GCC_WARN_UNUSED_FUNCTION = YES;
				GCC_WARN_UNUSED_VARIABLE = YES;
				IPHONEOS_DEPLOYMENT_TARGET = 16.4;
				MTL_ENABLE_DEBUG_INFO = INCLUDE_SOURCE;
				MTL_FAST_MATH = YES;
				ONLY_ACTIVE_ARCH = YES;
				SDKROOT = iphoneos;
				SWIFT_ACTIVE_COMPILATION_CONDITIONS = DEBUG;
				SWIFT_OPTIMIZATION_LEVEL = "-Onone";
			};
			name = Debug;
		};
		8B37ADB52A94153900BEE965 /* Release */ = {
			isa = XCBuildConfiguration;
			buildSettings = {
				ALWAYS_SEARCH_USER_PATHS = NO;
				CLANG_ANALYZER_NONNULL = YES;
				CLANG_ANALYZER_NUMBER_OBJECT_CONVERSION = YES_AGGRESSIVE;
				CLANG_CXX_LANGUAGE_STANDARD = "gnu++20";
				CLANG_ENABLE_MODULES = YES;
				CLANG_ENABLE_OBJC_ARC = YES;
				CLANG_ENABLE_OBJC_WEAK = YES;
				CLANG_WARN_BLOCK_CAPTURE_AUTORELEASING = YES;
				CLANG_WARN_BOOL_CONVERSION = YES;
				CLANG_WARN_COMMA = YES;
				CLANG_WARN_CONSTANT_CONVERSION = YES;
				CLANG_WARN_DEPRECATED_OBJC_IMPLEMENTATIONS = YES;
				CLANG_WARN_DIRECT_OBJC_ISA_USAGE = YES_ERROR;
				CLANG_WARN_DOCUMENTATION_COMMENTS = YES;
				CLANG_WARN_EMPTY_BODY = YES;
				CLANG_WARN_ENUM_CONVERSION = YES;
				CLANG_WARN_INFINITE_RECURSION = YES;
				CLANG_WARN_INT_CONVERSION = YES;
				CLANG_WARN_NON_LITERAL_NULL_CONVERSION = YES;
				CLANG_WARN_OBJC_IMPLICIT_RETAIN_SELF = YES;
				CLANG_WARN_OBJC_LITERAL_CONVERSION = YES;
				CLANG_WARN_OBJC_ROOT_CLASS = YES_ERROR;
				CLANG_WARN_QUOTED_INCLUDE_IN_FRAMEWORK_HEADER = YES;
				CLANG_WARN_RANGE_LOOP_ANALYSIS = YES;
				CLANG_WARN_STRICT_PROTOTYPES = YES;
				CLANG_WARN_SUSPICIOUS_MOVE = YES;
				CLANG_WARN_UNGUARDED_AVAILABILITY = YES_AGGRESSIVE;
				CLANG_WARN_UNREACHABLE_CODE = YES;
				CLANG_WARN__DUPLICATE_METHOD_MATCH = YES;
				COPY_PHASE_STRIP = NO;
				DEBUG_INFORMATION_FORMAT = "dwarf-with-dsym";
				ENABLE_NS_ASSERTIONS = NO;
				ENABLE_STRICT_OBJC_MSGSEND = YES;
				GCC_C_LANGUAGE_STANDARD = gnu11;
				GCC_NO_COMMON_BLOCKS = YES;
				GCC_WARN_64_TO_32_BIT_CONVERSION = YES;
				GCC_WARN_ABOUT_RETURN_TYPE = YES_ERROR;
				GCC_WARN_UNDECLARED_SELECTOR = YES;
				GCC_WARN_UNINITIALIZED_AUTOS = YES_AGGRESSIVE;
				GCC_WARN_UNUSED_FUNCTION = YES;
				GCC_WARN_UNUSED_VARIABLE = YES;
				IPHONEOS_DEPLOYMENT_TARGET = 16.4;
				MTL_ENABLE_DEBUG_INFO = NO;
				MTL_FAST_MATH = YES;
				SDKROOT = iphoneos;
				SWIFT_COMPILATION_MODE = wholemodule;
				SWIFT_OPTIMIZATION_LEVEL = "-O";
				VALIDATE_PRODUCT = YES;
			};
			name = Release;
		};
		8B37ADB72A94153900BEE965 /* Debug */ = {
			isa = XCBuildConfiguration;
			buildSettings = {
				ASSETCATALOG_COMPILER_APPICON_NAME = AppIcon;
				ASSETCATALOG_COMPILER_GLOBAL_ACCENT_COLOR_NAME = AccentColor;
				CODE_SIGN_STYLE = Automatic;
				CURRENT_PROJECT_VERSION = 1;
				DEVELOPMENT_ASSET_PATHS = "\"FlashCard/Preview Content\"";
				DEVELOPMENT_TEAM = P9C3G69FYD;
				ENABLE_PREVIEWS = YES;
				GENERATE_INFOPLIST_FILE = YES;
				INFOPLIST_KEY_LSApplicationCategoryType = "public.app-category.education";
				INFOPLIST_KEY_UIApplicationSceneManifest_Generation = YES;
				INFOPLIST_KEY_UIApplicationSupportsIndirectInputEvents = YES;
				INFOPLIST_KEY_UILaunchScreen_Generation = YES;
				INFOPLIST_KEY_UISupportedInterfaceOrientations = UIInterfaceOrientationPortrait;
				INFOPLIST_KEY_UISupportedInterfaceOrientations_iPad = "UIInterfaceOrientationPortrait UIInterfaceOrientationPortraitUpsideDown";
				LD_RUNPATH_SEARCH_PATHS = (
					"$(inherited)",
					"@executable_path/Frameworks",
				);
				MARKETING_VERSION = 1.0;
				PRODUCT_BUNDLE_IDENTIFIER = com.needMDMA.FlashCard;
				PRODUCT_NAME = "$(TARGET_NAME)";
				SWIFT_EMIT_LOC_STRINGS = YES;
				SWIFT_VERSION = 5.0;
				TARGETED_DEVICE_FAMILY = "1,2";
			};
			name = Debug;
		};
		8B37ADB82A94153900BEE965 /* Release */ = {
			isa = XCBuildConfiguration;
			buildSettings = {
				ASSETCATALOG_COMPILER_APPICON_NAME = AppIcon;
				ASSETCATALOG_COMPILER_GLOBAL_ACCENT_COLOR_NAME = AccentColor;
				CODE_SIGN_STYLE = Automatic;
				CURRENT_PROJECT_VERSION = 1;
				DEVELOPMENT_ASSET_PATHS = "\"FlashCard/Preview Content\"";
				DEVELOPMENT_TEAM = P9C3G69FYD;
				ENABLE_PREVIEWS = YES;
				GENERATE_INFOPLIST_FILE = YES;
				INFOPLIST_KEY_LSApplicationCategoryType = "public.app-category.education";
				INFOPLIST_KEY_UIApplicationSceneManifest_Generation = YES;
				INFOPLIST_KEY_UIApplicationSupportsIndirectInputEvents = YES;
				INFOPLIST_KEY_UILaunchScreen_Generation = YES;
				INFOPLIST_KEY_UISupportedInterfaceOrientations = UIInterfaceOrientationPortrait;
				INFOPLIST_KEY_UISupportedInterfaceOrientations_iPad = "UIInterfaceOrientationPortrait UIInterfaceOrientationPortraitUpsideDown";
				LD_RUNPATH_SEARCH_PATHS = (
					"$(inherited)",
					"@executable_path/Frameworks",
				);
				MARKETING_VERSION = 1.0;
				PRODUCT_BUNDLE_IDENTIFIER = com.needMDMA.FlashCard;
				PRODUCT_NAME = "$(TARGET_NAME)";
				SWIFT_EMIT_LOC_STRINGS = YES;
				SWIFT_VERSION = 5.0;
				TARGETED_DEVICE_FAMILY = "1,2";
			};
			name = Release;
		};
		8B37ADBA2A94153900BEE965 /* Debug */ = {
			isa = XCBuildConfiguration;
			buildSettings = {
				ALWAYS_EMBED_SWIFT_STANDARD_LIBRARIES = YES;
				BUNDLE_LOADER = "$(TEST_HOST)";
				CODE_SIGN_STYLE = Automatic;
				CURRENT_PROJECT_VERSION = 1;
				DEVELOPMENT_TEAM = P9C3G69FYD;
				GENERATE_INFOPLIST_FILE = YES;
				IPHONEOS_DEPLOYMENT_TARGET = 16.4;
				MARKETING_VERSION = 1.0;
				PRODUCT_BUNDLE_IDENTIFIER = com.needMDMA.FlashCardTests;
				PRODUCT_NAME = "$(TARGET_NAME)";
				SWIFT_EMIT_LOC_STRINGS = NO;
				SWIFT_VERSION = 5.0;
				TARGETED_DEVICE_FAMILY = "1,2";
				TEST_HOST = "$(BUILT_PRODUCTS_DIR)/FlashCard.app/$(BUNDLE_EXECUTABLE_FOLDER_PATH)/FlashCard";
			};
			name = Debug;
		};
		8B37ADBB2A94153900BEE965 /* Release */ = {
			isa = XCBuildConfiguration;
			buildSettings = {
				ALWAYS_EMBED_SWIFT_STANDARD_LIBRARIES = YES;
				BUNDLE_LOADER = "$(TEST_HOST)";
				CODE_SIGN_STYLE = Automatic;
				CURRENT_PROJECT_VERSION = 1;
				DEVELOPMENT_TEAM = P9C3G69FYD;
				GENERATE_INFOPLIST_FILE = YES;
				IPHONEOS_DEPLOYMENT_TARGET = 16.4;
				MARKETING_VERSION = 1.0;
				PRODUCT_BUNDLE_IDENTIFIER = com.needMDMA.FlashCardTests;
				PRODUCT_NAME = "$(TARGET_NAME)";
				SWIFT_EMIT_LOC_STRINGS = NO;
				SWIFT_VERSION = 5.0;
				TARGETED_DEVICE_FAMILY = "1,2";
				TEST_HOST = "$(BUILT_PRODUCTS_DIR)/FlashCard.app/$(BUNDLE_EXECUTABLE_FOLDER_PATH)/FlashCard";
			};
			name = Release;
		};
		8B37ADBD2A94153900BEE965 /* Debug */ = {
			isa = XCBuildConfiguration;
			buildSettings = {
				ALWAYS_EMBED_SWIFT_STANDARD_LIBRARIES = YES;
				CODE_SIGN_STYLE = Automatic;
				CURRENT_PROJECT_VERSION = 1;
				DEVELOPMENT_TEAM = P9C3G69FYD;
				GENERATE_INFOPLIST_FILE = YES;
				MARKETING_VERSION = 1.0;
				PRODUCT_BUNDLE_IDENTIFIER = com.needMDMA.FlashCardUITests;
				PRODUCT_NAME = "$(TARGET_NAME)";
				SWIFT_EMIT_LOC_STRINGS = NO;
				SWIFT_VERSION = 5.0;
				TARGETED_DEVICE_FAMILY = "1,2";
				TEST_TARGET_NAME = FlashCard;
			};
			name = Debug;
		};
		8B37ADBE2A94153900BEE965 /* Release */ = {
			isa = XCBuildConfiguration;
			buildSettings = {
				ALWAYS_EMBED_SWIFT_STANDARD_LIBRARIES = YES;
				CODE_SIGN_STYLE = Automatic;
				CURRENT_PROJECT_VERSION = 1;
				DEVELOPMENT_TEAM = P9C3G69FYD;
				GENERATE_INFOPLIST_FILE = YES;
				MARKETING_VERSION = 1.0;
				PRODUCT_BUNDLE_IDENTIFIER = com.needMDMA.FlashCardUITests;
				PRODUCT_NAME = "$(TARGET_NAME)";
				SWIFT_EMIT_LOC_STRINGS = NO;
				SWIFT_VERSION = 5.0;
				TARGETED_DEVICE_FAMILY = "1,2";
				TEST_TARGET_NAME = FlashCard;
			};
			name = Release;
		};
		8BECF4FB2AA7F2FB006F31DA /* Debug */ = {
			isa = XCBuildConfiguration;
			buildSettings = {
				ASSETCATALOG_COMPILER_APPICON_NAME = AppIcon;
				ASSETCATALOG_COMPILER_GLOBAL_ACCENT_COLOR_NAME = AccentColor;
				CODE_SIGN_ENTITLEMENTS = MacFlashCard/MacFlashCard.entitlements;
				CODE_SIGN_STYLE = Automatic;
				COMBINE_HIDPI_IMAGES = YES;
				CURRENT_PROJECT_VERSION = 1;
				DEVELOPMENT_ASSET_PATHS = "\"MacFlashCard/Preview Content\"";
				DEVELOPMENT_TEAM = P9C3G69FYD;
				ENABLE_HARDENED_RUNTIME = YES;
				ENABLE_PREVIEWS = YES;
				GENERATE_INFOPLIST_FILE = YES;
				INFOPLIST_KEY_NSHumanReadableCopyright = "";
				LD_RUNPATH_SEARCH_PATHS = (
					"$(inherited)",
					"@executable_path/../Frameworks",
				);
				MACOSX_DEPLOYMENT_TARGET = 13.3;
				MARKETING_VERSION = 1.0;
				PRODUCT_BUNDLE_IDENTIFIER = com.needMDMA.MacFlashCard;
				PRODUCT_NAME = "$(TARGET_NAME)";
				SDKROOT = macosx;
				SWIFT_EMIT_LOC_STRINGS = YES;
				SWIFT_VERSION = 5.0;
			};
			name = Debug;
		};
		8BECF4FC2AA7F2FB006F31DA /* Release */ = {
			isa = XCBuildConfiguration;
			buildSettings = {
				ASSETCATALOG_COMPILER_APPICON_NAME = AppIcon;
				ASSETCATALOG_COMPILER_GLOBAL_ACCENT_COLOR_NAME = AccentColor;
				CODE_SIGN_ENTITLEMENTS = MacFlashCard/MacFlashCard.entitlements;
				CODE_SIGN_STYLE = Automatic;
				COMBINE_HIDPI_IMAGES = YES;
				CURRENT_PROJECT_VERSION = 1;
				DEVELOPMENT_ASSET_PATHS = "\"MacFlashCard/Preview Content\"";
				DEVELOPMENT_TEAM = P9C3G69FYD;
				ENABLE_HARDENED_RUNTIME = YES;
				ENABLE_PREVIEWS = YES;
				GENERATE_INFOPLIST_FILE = YES;
				INFOPLIST_KEY_NSHumanReadableCopyright = "";
				LD_RUNPATH_SEARCH_PATHS = (
					"$(inherited)",
					"@executable_path/../Frameworks",
				);
				MACOSX_DEPLOYMENT_TARGET = 13.3;
				MARKETING_VERSION = 1.0;
				PRODUCT_BUNDLE_IDENTIFIER = com.needMDMA.MacFlashCard;
				PRODUCT_NAME = "$(TARGET_NAME)";
				SDKROOT = macosx;
				SWIFT_EMIT_LOC_STRINGS = YES;
				SWIFT_VERSION = 5.0;
			};
			name = Release;
		};
/* End XCBuildConfiguration section */

/* Begin XCConfigurationList section */
		8B37AD8D2A94153800BEE965 /* Build configuration list for PBXProject "FlashCard" */ = {
			isa = XCConfigurationList;
			buildConfigurations = (
				8B37ADB42A94153900BEE965 /* Debug */,
				8B37ADB52A94153900BEE965 /* Release */,
			);
			defaultConfigurationIsVisible = 0;
			defaultConfigurationName = Release;
		};
		8B37ADB62A94153900BEE965 /* Build configuration list for PBXNativeTarget "FlashCard" */ = {
			isa = XCConfigurationList;
			buildConfigurations = (
				8B37ADB72A94153900BEE965 /* Debug */,
				8B37ADB82A94153900BEE965 /* Release */,
			);
			defaultConfigurationIsVisible = 0;
			defaultConfigurationName = Release;
		};
		8B37ADB92A94153900BEE965 /* Build configuration list for PBXNativeTarget "FlashCardTests" */ = {
			isa = XCConfigurationList;
			buildConfigurations = (
				8B37ADBA2A94153900BEE965 /* Debug */,
				8B37ADBB2A94153900BEE965 /* Release */,
			);
			defaultConfigurationIsVisible = 0;
			defaultConfigurationName = Release;
		};
		8B37ADBC2A94153900BEE965 /* Build configuration list for PBXNativeTarget "FlashCardUITests" */ = {
			isa = XCConfigurationList;
			buildConfigurations = (
				8B37ADBD2A94153900BEE965 /* Debug */,
				8B37ADBE2A94153900BEE965 /* Release */,
			);
			defaultConfigurationIsVisible = 0;
			defaultConfigurationName = Release;
		};
		8BECF4FA2AA7F2FB006F31DA /* Build configuration list for PBXNativeTarget "MacFlashCard" */ = {
			isa = XCConfigurationList;
			buildConfigurations = (
				8BECF4FB2AA7F2FB006F31DA /* Debug */,
				8BECF4FC2AA7F2FB006F31DA /* Release */,
			);
			defaultConfigurationIsVisible = 0;
			defaultConfigurationName = Release;
		};
/* End XCConfigurationList section */
	};
	rootObject = 8B37AD8A2A94153800BEE965 /* Project object */;
}
